
Microsoft Visual Studio Solution File, Format Version 12.00
# Visual Studio Version 17
VisualStudioVersion = 17.14.37411.7
MinimumVisualStudioVersion = 10.0.40219.1
Project("{FAE04EC0-301F-11D3-BF4B-00C04F79EFBC}") = "WpfMcp.ExampleApp", "WpfMcp.ExampleApp.csproj", "{41B51178-8031-448E-8D4A-DC2A734F1B4E}"
EndProject
Project("{FAE04EC0-301F-11D3-BF4B-00C04F79EFBC}") = "WpfMcp.Core", "..\WpfMcp.Core\WpfMcp.Core.csproj", "{7E528214-D81B-421F-85E1-83C64E6752BA}"
EndProject
Project("{FAE04EC0-301F-11D3-BF4B-00C04F79EFBC}") = "WpfMcp.Generators", "..\WpfMcp.Generators\WpfMcp.Generators.csproj", "{A42A5675-14BE-4BB8-B39B-465FF95C1D28}"
EndProject
Project("{FAE04EC0-301F-11D3-BF4B-00C04F79EFBC}") = "WpfMcp.Generators.SharedLibrary", "..\WpfMcp.Generators.SharedLibrary\WpfMcp.Generators.SharedLibrary.csproj", "{67DB77B7-915C-4D9E-B1AA-D387E388A273}"
EndProject
Global
	GlobalSection(SolutionConfigurationPlatforms) = preSolution
		Debug|Any CPU = Debug|Any CPU
		Release|Any CPU = Release|Any CPU
	EndGlobalSection
	GlobalSection(ProjectConfigurationPlatforms) = postSolution
		{41B51178-8031-448E-8D4A-DC2A734F1B4E}.Debug|Any CPU.ActiveCfg = Debug|Any CPU
		{41B51178-8031-448E-8D4A-DC2A734F1B4E}.Debug|Any CPU.Build.0 = Debug|Any CPU
		{41B51178-8031-448E-8D4A-DC2A734F1B4E}.Release|Any CPU.ActiveCfg = Release|Any CPU
		{41B51178-8031-448E-8D4A-DC2A734F1B4E}.Release|Any CPU.Build.0 = Release|Any CPU
		{7E528214-D81B-421F-85E1-83C64E6752BA}.Debug|Any CPU.ActiveCfg = Debug|Any CPU
		{7E528214-D81B-421F-85E1-83C64E6752BA}.Debug|Any CPU.Build.0 = Debug|Any CPU
		{7E528214-D81B-421F-85E1-83C64E6752BA}.Release|Any CPU.ActiveCfg = Release|Any CPU
		{7E528214-D81B-421F-85E1-83C64E6752BA}.Release|Any CPU.Build.0 = Release|Any CPU
		{A42A5675-14BE-4BB8-B39B-465FF95C1D28}.Debug|Any CPU.ActiveCfg = Debug|Any CPU
		{A42A5675-14BE-4BB8-B39B-465FF95C1D28}.Debug|Any CPU.Build.0 = Debug|Any CPU
		{A42A5675-14BE-4BB8-B39B-465FF95C1D28}.Release|Any CPU.ActiveCfg = Release|Any CPU
		{A42A5675-14BE-4BB8-B39B-465FF95C1D28}.Release|Any CPU.Build.0 = Release|Any CPU
		{67DB77B7-915C-4D9E-B1AA-D387E388A273}.Debug|Any CPU.ActiveCfg = Debug|Any CPU
		{67DB77B7-915C-4D9E-B1AA-D387E388A273}.Debug|Any CPU.Build.0 = Debug|Any CPU
		{67DB77B7-915C-4D9E-B1AA-D387E388A273}.Release|Any CPU.ActiveCfg = Release|Any CPU
		{67DB77B7-915C-4D9E-B1AA-D387E388A273}.Release|Any CPU.Build.0 = Release|Any CPU
	EndGlobalSection
	GlobalSection(SolutionProperties) = preSolution
		HideSolutionNode = FALSE
	EndGlobalSection
	GlobalSection(ExtensibilityGlobals) = postSolution
		SolutionGuid = {D2C75153-30F8-49DF-A644-2351AAB77F70}
	EndGlobalSection
EndGlobal
